
Microsoft Visual Studio Solution File, Format Version 11.00
# Visual Studio 2010
Project("{FAE04EC0-301F-11D3-BF4B-00C04F79EFBC}") = "BowlingGame", "BowlingGame\BowlingGame.csproj", "{99A34A1F-17DF-4CD7-9C09-BA32AFD2F38B}"
EndProject
Project("{2150E333-8FDC-42A3-9474-1A3956D46DE8}") = "Solution Items", "Solution Items", "{A631B369-66A0-4266-9AA7-929DB898E89E}"
	ProjectSection(SolutionItems) = preProject
		BowlingGame.vsmdi = BowlingGame.vsmdi
		Local.testsettings = Local.testsettings
		TraceAndTestImpact.testsettings = TraceAndTestImpact.testsettings
	EndProjectSection
EndProject
Project("{FAE04EC0-301F-11D3-BF4B-00C04F79EFBC}") = "Test", "Test\Test.csproj", "{A73DC7F2-F42C-40B2-B4D2-D26DB72E1C78}"
EndProject
Global
	GlobalSection(TestCaseManagementSettings) = postSolution
		CategoryFile = BowlingGame.vsmdi
	EndGlobalSection
	GlobalSection(SolutionConfigurationPlatforms) = preSolution
		Debug|Any CPU = Debug|Any CPU
		Debug|Mixed Platforms = Debug|Mixed Platforms
		Debug|x86 = Debug|x86
		Release|Any CPU = Release|Any CPU
		Release|Mixed Platforms = Release|Mixed Platforms
		Release|x86 = Release|x86
	EndGlobalSection
	GlobalSection(ProjectConfigurationPlatforms) = postSolution
		{99A34A1F-17DF-4CD7-9C09-BA32AFD2F38B}.Debug|Any CPU.ActiveCfg = Debug|x86
		{99A34A1F-17DF-4CD7-9C09-BA32AFD2F38B}.Debug|Mixed Platforms.ActiveCfg = Debug|x86
		{99A34A1F-17DF-4CD7-9C09-BA32AFD2F38B}.Debug|Mixed Platforms.Build.0 = Debug|x86
		{99A34A1F-17DF-4CD7-9C09-BA32AFD2F38B}.Debug|x86.ActiveCfg = Debug|x86
		{99A34A1F-17DF-4CD7-9C09-BA32AFD2F38B}.Debug|x86.Build.0 = Debug|x86
		{99A34A1F-17DF-4CD7-9C09-BA32AFD2F38B}.Release|Any CPU.ActiveCfg = Release|x86
		{99A34A1F-17DF-4CD7-9C09-BA32AFD2F38B}.Release|Mixed Platforms.ActiveCfg = Release|x86
		{99A34A1F-17DF-4CD7-9C09-BA32AFD2F38B}.Release|Mixed Platforms.Build.0 = Release|x86
		{99A34A1F-17DF-4CD7-9C09-BA32AFD2F38B}.Release|x86.ActiveCfg = Release|x86
		{99A34A1F-17DF-4CD7-9C09-BA32AFD2F38B}.Release|x86.Build.0 = Release|x86
		{A73DC7F2-F42C-40B2-B4D2-D26DB72E1C78}.Debug|Any CPU.ActiveCfg = Debug|Any CPU
		{A73DC7F2-F42C-40B2-B4D2-D26DB72E1C78}.Debug|Any CPU.Build.0 = Debug|Any CPU
		{A73DC7F2-F42C-40B2-B4D2-D26DB72E1C78}.Debug|Mixed Platforms.ActiveCfg = Debug|Any CPU
		{A73DC7F2-F42C-40B2-B4D2-D26DB72E1C78}.Debug|Mixed Platforms.Build.0 = Debug|Any CPU
		{A73DC7F2-F42C-40B2-B4D2-D26DB72E1C78}.Debug|x86.ActiveCfg = Debug|Any CPU
		{A73DC7F2-F42C-40B2-B4D2-D26DB72E1C78}.Release|Any CPU.ActiveCfg = Release|Any CPU
		{A73DC7F2-F42C-40B2-B4D2-D26DB72E1C78}.Release|Any CPU.Build.0 = Release|Any CPU
		{A73DC7F2-F42C-40B2-B4D2-D26DB72E1C78}.Release|Mixed Platforms.ActiveCfg = Release|Any CPU
		{A73DC7F2-F42C-40B2-B4D2-D26DB72E1C78}.Release|Mixed Platforms.Build.0 = Release|Any CPU
		{A73DC7F2-F42C-40B2-B4D2-D26DB72E1C78}.Release|x86.ActiveCfg = Release|Any CPU
	EndGlobalSection
	GlobalSection(SolutionProperties) = preSolution
		HideSolutionNode = FALSE
	EndGlobalSection
EndGlobal
